// !$*UTF8*$!
{
	archiveVersion = 1;
	classes = {
	};
	objectVersion = 46;
	objects = {

/* Begin PBXBuildFile section */
		6E093A641B2B4E9C00DB7C76 /* CocoaAsyncSocket.framework in Copy Frameworks */ = {isa = PBXBuildFile; fileRef = 6E093A5B1B2B4E5700DB7C76 /* CocoaAsyncSocket.framework */; settings = {ATTRIBUTES = (CodeSignOnCopy, RemoveHeadersOnCopy, ); }; };
		6E093A651B2B4E9C00DB7C76 /* CocoaHTTPServer.framework in Copy Frameworks */ = {isa = PBXBuildFile; fileRef = 6E093A5C1B2B4E5700DB7C76 /* CocoaHTTPServer.framework */; settings = {ATTRIBUTES = (CodeSignOnCopy, RemoveHeadersOnCopy, ); }; };
		6E093A661B2B4E9C00DB7C76 /* CocoaLumberjack.framework in Copy Frameworks */ = {isa = PBXBuildFile; fileRef = 6E093A5D1B2B4E5700DB7C76 /* CocoaLumberjack.framework */; settings = {ATTRIBUTES = (CodeSignOnCopy, RemoveHeadersOnCopy, ); }; };
		6E093A671B2B4E9C00DB7C76 /* CoreCerradura.framework in Copy Frameworks */ = {isa = PBXBuildFile; fileRef = 6E093A5F1B2B4E5700DB7C76 /* CoreCerradura.framework */; settings = {ATTRIBUTES = (CodeSignOnCopy, RemoveHeadersOnCopy, ); }; };
		6E093A681B2B4E9C00DB7C76 /* ExSwift.framework in Copy Frameworks */ = {isa = PBXBuildFile; fileRef = 6E093A601B2B4E5700DB7C76 /* ExSwift.framework */; settings = {ATTRIBUTES = (CodeSignOnCopy, RemoveHeadersOnCopy, ); }; };
		6E093A691B2B4E9C00DB7C76 /* IDZSwiftCommonCrypto.framework in Copy Frameworks */ = {isa = PBXBuildFile; fileRef = 6E093A611B2B4E5700DB7C76 /* IDZSwiftCommonCrypto.framework */; settings = {ATTRIBUTES = (CodeSignOnCopy, RemoveHeadersOnCopy, ); }; };
		6E093A6A1B2B4E9C00DB7C76 /* NetworkObjects.framework in Copy Frameworks */ = {isa = PBXBuildFile; fileRef = 6E093A621B2B4E5700DB7C76 /* NetworkObjects.framework */; settings = {ATTRIBUTES = (CodeSignOnCopy, RemoveHeadersOnCopy, ); }; };
		6E093A6B1B2B4E9C00DB7C76 /* RoutingHTTPServer.framework in Copy Frameworks */ = {isa = PBXBuildFile; fileRef = 6E093A631B2B4E5700DB7C76 /* RoutingHTTPServer.framework */; settings = {ATTRIBUTES = (CodeSignOnCopy, RemoveHeadersOnCopy, ); }; };
		6E4642941AD95552005BDBA7 /* main.m in Sources */ = {isa = PBXBuildFile; fileRef = 6E4642931AD95552005BDBA7 /* main.m */; };
		6E4642E11AD9649B005BDBA7 /* CerraduraServerDaemon in CopyFiles */ = {isa = PBXBuildFile; fileRef = 6E4642901AD95552005BDBA7 /* CerraduraServerDaemon */; settings = {ATTRIBUTES = (CodeSignOnCopy, ); }; };
		6EEE75311B2B42620052B4F4 /* CoreCerraduraServer.framework in Copy Frameworks */ = {isa = PBXBuildFile; fileRef = 6EEE752E1B2B42420052B4F4 /* CoreCerraduraServer.framework */; settings = {ATTRIBUTES = (CodeSignOnCopy, RemoveHeadersOnCopy, ); }; };
		6EEE75341B2B42A40052B4F4 /* CoreCerraduraServer.framework in Frameworks */ = {isa = PBXBuildFile; fileRef = 6EEE752E1B2B42420052B4F4 /* CoreCerraduraServer.framework */; };
/* End PBXBuildFile section */

/* Begin PBXContainerItemProxy section */
		6E4642DE1AD9647C005BDBA7 /* PBXContainerItemProxy */ = {
			isa = PBXContainerItemProxy;
			containerPortal = 6E4642881AD95552005BDBA7 /* Project object */;
			proxyType = 1;
			remoteGlobalIDString = 6E46428F1AD95552005BDBA7;
			remoteInfo = CerraduraServerDaemon;
		};
		6EEE752D1B2B42420052B4F4 /* PBXContainerItemProxy */ = {
			isa = PBXContainerItemProxy;
			containerPortal = 6EEE75281B2B42420052B4F4 /* CoreCerraduraServer.xcodeproj */;
			proxyType = 2;
			remoteGlobalIDString = 6E4642A41AD9561A005BDBA7;
			remoteInfo = CoreCerraduraServer;
		};
		6EEE752F1B2B42420052B4F4 /* PBXContainerItemProxy */ = {
			isa = PBXContainerItemProxy;
			containerPortal = 6EEE75281B2B42420052B4F4 /* CoreCerraduraServer.xcodeproj */;
			proxyType = 2;
			remoteGlobalIDString = 6E4642AF1AD9561A005BDBA7;
			remoteInfo = CoreCerraduraServerTests;
		};
		6EEE75321B2B42A00052B4F4 /* PBXContainerItemProxy */ = {
			isa = PBXContainerItemProxy;
			containerPortal = 6EEE75281B2B42420052B4F4 /* CoreCerraduraServer.xcodeproj */;
			proxyType = 1;
			remoteGlobalIDString = 6E4642A31AD9561A005BDBA7;
			remoteInfo = CoreCerraduraServer;
		};
/* End PBXContainerItemProxy section */

/* Begin PBXCopyFilesBuildPhase section */
		6E4642E01AD9648D005BDBA7 /* CopyFiles */ = {
			isa = PBXCopyFilesBuildPhase;
			buildActionMask = 2147483647;
			dstPath = "";
			dstSubfolderSpec = 6;
			files = (
				6E4642E11AD9649B005BDBA7 /* CerraduraServerDaemon in CopyFiles */,
			);
			runOnlyForDeploymentPostprocessing = 0;
		};
		6E4642E21AD964A1005BDBA7 /* Copy Frameworks */ = {
			isa = PBXCopyFilesBuildPhase;
			buildActionMask = 2147483647;
			dstPath = "";
			dstSubfolderSpec = 10;
			files = (
				6E093A641B2B4E9C00DB7C76 /* CocoaAsyncSocket.framework in Copy Frameworks */,
				6E093A651B2B4E9C00DB7C76 /* CocoaHTTPServer.framework in Copy Frameworks */,
				6E093A661B2B4E9C00DB7C76 /* CocoaLumberjack.framework in Copy Frameworks */,
				6E093A671B2B4E9C00DB7C76 /* CoreCerradura.framework in Copy Frameworks */,
				6E093A681B2B4E9C00DB7C76 /* ExSwift.framework in Copy Frameworks */,
				6E093A691B2B4E9C00DB7C76 /* IDZSwiftCommonCrypto.framework in Copy Frameworks */,
				6E093A6A1B2B4E9C00DB7C76 /* NetworkObjects.framework in Copy Frameworks */,
				6E093A6B1B2B4E9C00DB7C76 /* RoutingHTTPServer.framework in Copy Frameworks */,
				6EEE75311B2B42620052B4F4 /* CoreCerraduraServer.framework in Copy Frameworks */,
			);
			name = "Copy Frameworks";
			runOnlyForDeploymentPostprocessing = 0;
		};
/* End PBXCopyFilesBuildPhase section */

/* Begin PBXFileReference section */
		6E093A5B1B2B4E5700DB7C76 /* CocoaAsyncSocket.framework */ = {isa = PBXFileReference; lastKnownFileType = wrapper.framework; name = CocoaAsyncSocket.framework; path = ../Carthage/Build/Mac/CocoaAsyncSocket.framework; sourceTree = "<group>"; };
		6E093A5C1B2B4E5700DB7C76 /* CocoaHTTPServer.framework */ = {isa = PBXFileReference; lastKnownFileType = wrapper.framework; name = CocoaHTTPServer.framework; path = ../Carthage/Build/Mac/CocoaHTTPServer.framework; sourceTree = "<group>"; };
		6E093A5D1B2B4E5700DB7C76 /* CocoaLumberjack.framework */ = {isa = PBXFileReference; lastKnownFileType = wrapper.framework; name = CocoaLumberjack.framework; path = ../Carthage/Build/Mac/CocoaLumberjack.framework; sourceTree = "<group>"; };
		6E093A5E1B2B4E5700DB7C76 /* CommonCrypto.framework */ = {isa = PBXFileReference; lastKnownFileType = wrapper.framework; name = CommonCrypto.framework; path = ../Carthage/Build/Mac/CommonCrypto.framework; sourceTree = "<group>"; };
		6E093A5F1B2B4E5700DB7C76 /* CoreCerradura.framework */ = {isa = PBXFileReference; lastKnownFileType = wrapper.framework; name = CoreCerradura.framework; path = ../Carthage/Build/Mac/CoreCerradura.framework; sourceTree = "<group>"; };
		6E093A601B2B4E5700DB7C76 /* ExSwift.framework */ = {isa = PBXFileReference; lastKnownFileType = wrapper.framework; name = ExSwift.framework; path = ../Carthage/Build/Mac/ExSwift.framework; sourceTree = "<group>"; };
		6E093A611B2B4E5700DB7C76 /* IDZSwiftCommonCrypto.framework */ = {isa = PBXFileReference; lastKnownFileType = wrapper.framework; name = IDZSwiftCommonCrypto.framework; path = ../Carthage/Build/Mac/IDZSwiftCommonCrypto.framework; sourceTree = "<group>"; };
		6E093A621B2B4E5700DB7C76 /* NetworkObjects.framework */ = {isa = PBXFileReference; lastKnownFileType = wrapper.framework; name = NetworkObjects.framework; path = ../Carthage/Build/Mac/NetworkObjects.framework; sourceTree = "<group>"; };
		6E093A631B2B4E5700DB7C76 /* RoutingHTTPServer.framework */ = {isa = PBXFileReference; lastKnownFileType = wrapper.framework; name = RoutingHTTPServer.framework; path = ../Carthage/Build/Mac/RoutingHTTPServer.framework; sourceTree = "<group>"; };
		6E4642901AD95552005BDBA7 /* CerraduraServerDaemon */ = {isa = PBXFileReference; explicitFileType = "compiled.mach-o.executable"; includeInIndex = 0; path = CerraduraServerDaemon; sourceTree = BUILT_PRODUCTS_DIR; };
		6E4642931AD95552005BDBA7 /* main.m */ = {isa = PBXFileReference; lastKnownFileType = sourcecode.c.objc; path = main.m; sourceTree = "<group>"; };
		6E4642D71AD96422005BDBA7 /* CerraduraServerDaemon.bundle */ = {isa = PBXFileReference; explicitFileType = wrapper.cfbundle; includeInIndex = 0; path = CerraduraServerDaemon.bundle; sourceTree = BUILT_PRODUCTS_DIR; };
		6E4642DA1AD96422005BDBA7 /* Info.plist */ = {isa = PBXFileReference; lastKnownFileType = text.plist.xml; path = Info.plist; sourceTree = "<group>"; };
		6EEE75281B2B42420052B4F4 /* CoreCerraduraServer.xcodeproj */ = {isa = PBXFileReference; lastKnownFileType = "wrapper.pb-project"; path = CoreCerraduraServer.xcodeproj; sourceTree = "<group>"; };
/* End PBXFileReference section */

/* Begin PBXFrameworksBuildPhase section */
		6E46428D1AD95552005BDBA7 /* Frameworks */ = {
			isa = PBXFrameworksBuildPhase;
			buildActionMask = 2147483647;
			files = (
				6EEE75341B2B42A40052B4F4 /* CoreCerraduraServer.framework in Frameworks */,
			);
			runOnlyForDeploymentPostprocessing = 0;
		};
		6E4642D41AD96422005BDBA7 /* Frameworks */ = {
			isa = PBXFrameworksBuildPhase;
			buildActionMask = 2147483647;
			files = (
			);
			runOnlyForDeploymentPostprocessing = 0;
		};
/* End PBXFrameworksBuildPhase section */

/* Begin PBXGroup section */
		6E4642871AD95552005BDBA7 = {
			isa = PBXGroup;
			children = (
				6E95D3FA1B2B3B7A000DD4DA /* Frameworks */,
				6E4642D81AD96422005BDBA7 /* CerraduraServerDaemonBundle */,
				6E4642921AD95552005BDBA7 /* CerraduraServerDaemon */,
				6E4642911AD95552005BDBA7 /* Products */,
			);
			sourceTree = "<group>";
		};
		6E4642911AD95552005BDBA7 /* Products */ = {
			isa = PBXGroup;
			children = (
				6E4642901AD95552005BDBA7 /* CerraduraServerDaemon */,
				6E4642D71AD96422005BDBA7 /* CerraduraServerDaemon.bundle */,
			);
			name = Products;
			sourceTree = "<group>";
		};
		6E4642921AD95552005BDBA7 /* CerraduraServerDaemon */ = {
			isa = PBXGroup;
			children = (
				6E4642931AD95552005BDBA7 /* main.m */,
			);
			path = CerraduraServerDaemon;
			sourceTree = "<group>";
		};
		6E4642D81AD96422005BDBA7 /* CerraduraServerDaemonBundle */ = {
			isa = PBXGroup;
			children = (
				6E4642D91AD96422005BDBA7 /* Supporting Files */,
			);
			path = CerraduraServerDaemonBundle;
			sourceTree = "<group>";
		};
		6E4642D91AD96422005BDBA7 /* Supporting Files */ = {
			isa = PBXGroup;
			children = (
				6E4642DA1AD96422005BDBA7 /* Info.plist */,
			);
			name = "Supporting Files";
			sourceTree = "<group>";
		};
		6E95D3FA1B2B3B7A000DD4DA /* Frameworks */ = {
			isa = PBXGroup;
			children = (
				6EEE75281B2B42420052B4F4 /* CoreCerraduraServer.xcodeproj */,
				6E093A5B1B2B4E5700DB7C76 /* CocoaAsyncSocket.framework */,
				6E093A5C1B2B4E5700DB7C76 /* CocoaHTTPServer.framework */,
				6E093A5D1B2B4E5700DB7C76 /* CocoaLumberjack.framework */,
				6E093A5E1B2B4E5700DB7C76 /* CommonCrypto.framework */,
				6E093A5F1B2B4E5700DB7C76 /* CoreCerradura.framework */,
				6E093A601B2B4E5700DB7C76 /* ExSwift.framework */,
				6E093A611B2B4E5700DB7C76 /* IDZSwiftCommonCrypto.framework */,
				6E093A621B2B4E5700DB7C76 /* NetworkObjects.framework */,
				6E093A631B2B4E5700DB7C76 /* RoutingHTTPServer.framework */,
			);
			name = Frameworks;
			path = ../CoreCerraduraServer;
			sourceTree = "<group>";
		};
		6EEE75291B2B42420052B4F4 /* Products */ = {
			isa = PBXGroup;
			children = (
				6EEE752E1B2B42420052B4F4 /* CoreCerraduraServer.framework */,
				6EEE75301B2B42420052B4F4 /* CoreCerraduraServerTests.xctest */,
			);
			name = Products;
			sourceTree = "<group>";
		};
/* End PBXGroup section */

/* Begin PBXNativeTarget section */
		6E46428F1AD95552005BDBA7 /* CerraduraServerDaemon */ = {
			isa = PBXNativeTarget;
			buildConfigurationList = 6E4642971AD95552005BDBA7 /* Build configuration list for PBXNativeTarget "CerraduraServerDaemon" */;
			buildPhases = (
				6E46428C1AD95552005BDBA7 /* Sources */,
				6E46428D1AD95552005BDBA7 /* Frameworks */,
			);
			buildRules = (
			);
			dependencies = (
				6EEE75331B2B42A00052B4F4 /* PBXTargetDependency */,
			);
			name = CerraduraServerDaemon;
			productName = CerraduraServerDaemon;
			productReference = 6E4642901AD95552005BDBA7 /* CerraduraServerDaemon */;
			productType = "com.apple.product-type.tool";
		};
		6E4642D61AD96422005BDBA7 /* CerraduraServerDaemonBundle */ = {
			isa = PBXNativeTarget;
			buildConfigurationList = 6E4642DB1AD96422005BDBA7 /* Build configuration list for PBXNativeTarget "CerraduraServerDaemonBundle" */;
			buildPhases = (
				6E4642D31AD96422005BDBA7 /* Sources */,
				6E4642D41AD96422005BDBA7 /* Frameworks */,
				6E4642D51AD96422005BDBA7 /* Resources */,
				6E4642E01AD9648D005BDBA7 /* CopyFiles */,
				6E4642E21AD964A1005BDBA7 /* Copy Frameworks */,
			);
			buildRules = (
			);
			dependencies = (
				6E4642DF1AD9647C005BDBA7 /* PBXTargetDependency */,
			);
			name = CerraduraServerDaemonBundle;
			productName = CerraduraServerDaemonBundle;
			productReference = 6E4642D71AD96422005BDBA7 /* CerraduraServerDaemon.bundle */;
			productType = "com.apple.product-type.bundle";
		};
/* End PBXNativeTarget section */

/* Begin PBXProject section */
		6E4642881AD95552005BDBA7 /* Project object */ = {
			isa = PBXProject;
			attributes = {
				LastUpgradeCheck = 0630;
				ORGANIZATIONNAME = ColemanCDA;
				TargetAttributes = {
					6E46428F1AD95552005BDBA7 = {
						CreatedOnToolsVersion = 6.3;
					};
					6E4642D61AD96422005BDBA7 = {
						CreatedOnToolsVersion = 6.3;
					};
				};
			};
			buildConfigurationList = 6E46428B1AD95552005BDBA7 /* Build configuration list for PBXProject "CerraduraServerDaemon" */;
			compatibilityVersion = "Xcode 3.2";
			developmentRegion = English;
			hasScannedForEncodings = 0;
			knownRegions = (
				en,
			);
			mainGroup = 6E4642871AD95552005BDBA7;
			productRefGroup = 6E4642911AD95552005BDBA7 /* Products */;
			projectDirPath = "";
			projectReferences = (
				{
					ProductGroup = 6EEE75291B2B42420052B4F4 /* Products */;
					ProjectRef = 6EEE75281B2B42420052B4F4 /* CoreCerraduraServer.xcodeproj */;
				},
			);
			projectRoot = "";
			targets = (
				6E4642D61AD96422005BDBA7 /* CerraduraServerDaemonBundle */,
				6E46428F1AD95552005BDBA7 /* CerraduraServerDaemon */,
			);
		};
/* End PBXProject section */

/* Begin PBXReferenceProxy section */
		6EEE752E1B2B42420052B4F4 /* CoreCerraduraServer.framework */ = {
			isa = PBXReferenceProxy;
			fileType = wrapper.framework;
			path = CoreCerraduraServer.framework;
			remoteRef = 6EEE752D1B2B42420052B4F4 /* PBXContainerItemProxy */;
			sourceTree = BUILT_PRODUCTS_DIR;
		};
		6EEE75301B2B42420052B4F4 /* CoreCerraduraServerTests.xctest */ = {
			isa = PBXReferenceProxy;
			fileType = wrapper.cfbundle;
			path = CoreCerraduraServerTests.xctest;
			remoteRef = 6EEE752F1B2B42420052B4F4 /* PBXContainerItemProxy */;
			sourceTree = BUILT_PRODUCTS_DIR;
		};
/* End PBXReferenceProxy section */

/* Begin PBXResourcesBuildPhase section */
		6E4642D51AD96422005BDBA7 /* Resources */ = {
			isa = PBXResourcesBuildPhase;
			buildActionMask = 2147483647;
			files = (
			);
			runOnlyForDeploymentPostprocessing = 0;
		};
/* End PBXResourcesBuildPhase section */

/* Begin PBXSourcesBuildPhase section */
		6E46428C1AD95552005BDBA7 /* Sources */ = {
			isa = PBXSourcesBuildPhase;
			buildActionMask = 2147483647;
			files = (
				6E4642941AD95552005BDBA7 /* main.m in Sources */,
			);
			runOnlyForDeploymentPostprocessing = 0;
		};
		6E4642D31AD96422005BDBA7 /* Sources */ = {
			isa = PBXSourcesBuildPhase;
			buildActionMask = 2147483647;
			files = (
			);
			runOnlyForDeploymentPostprocessing = 0;
		};
/* End PBXSourcesBuildPhase section */

/* Begin PBXTargetDependency section */
		6E4642DF1AD9647C005BDBA7 /* PBXTargetDependency */ = {
			isa = PBXTargetDependency;
			target = 6E46428F1AD95552005BDBA7 /* CerraduraServerDaemon */;
			targetProxy = 6E4642DE1AD9647C005BDBA7 /* PBXContainerItemProxy */;
		};
		6EEE75331B2B42A00052B4F4 /* PBXTargetDependency */ = {
			isa = PBXTargetDependency;
			name = CoreCerraduraServer;
			targetProxy = 6EEE75321B2B42A00052B4F4 /* PBXContainerItemProxy */;
		};
/* End PBXTargetDependency section */

/* Begin XCBuildConfiguration section */
		6E4642951AD95552005BDBA7 /* Debug */ = {
			isa = XCBuildConfiguration;
			buildSettings = {
				ALWAYS_SEARCH_USER_PATHS = NO;
				CLANG_CXX_LANGUAGE_STANDARD = "gnu++0x";
				CLANG_CXX_LIBRARY = "libc++";
				CLANG_ENABLE_MODULES = YES;
				CLANG_ENABLE_OBJC_ARC = YES;
				CLANG_WARN_BOOL_CONVERSION = YES;
				CLANG_WARN_CONSTANT_CONVERSION = YES;
				CLANG_WARN_DIRECT_OBJC_ISA_USAGE = YES_ERROR;
				CLANG_WARN_EMPTY_BODY = YES;
				CLANG_WARN_ENUM_CONVERSION = YES;
				CLANG_WARN_INT_CONVERSION = YES;
				CLANG_WARN_OBJC_ROOT_CLASS = YES_ERROR;
				CLANG_WARN_UNREACHABLE_CODE = YES;
				CLANG_WARN__DUPLICATE_METHOD_MATCH = YES;
				COPY_PHASE_STRIP = NO;
				DEBUG_INFORMATION_FORMAT = dwarf;
				ENABLE_STRICT_OBJC_MSGSEND = YES;
				GCC_C_LANGUAGE_STANDARD = gnu99;
				GCC_DYNAMIC_NO_PIC = NO;
				GCC_NO_COMMON_BLOCKS = YES;
				GCC_OPTIMIZATION_LEVEL = 0;
				GCC_PREPROCESSOR_DEFINITIONS = (
					"DEBUG=1",
					"$(inherited)",
				);
				GCC_SYMBOLS_PRIVATE_EXTERN = NO;
				GCC_WARN_64_TO_32_BIT_CONVERSION = YES;
				GCC_WARN_ABOUT_RETURN_TYPE = YES_ERROR;
				GCC_WARN_UNDECLARED_SELECTOR = YES;
				GCC_WARN_UNINITIALIZED_AUTOS = YES_AGGRESSIVE;
				GCC_WARN_UNUSED_FUNCTION = YES;
				GCC_WARN_UNUSED_VARIABLE = YES;
				MACOSX_DEPLOYMENT_TARGET = 10.10;
				MTL_ENABLE_DEBUG_INFO = YES;
				ONLY_ACTIVE_ARCH = YES;
				SDKROOT = macosx;
			};
			name = Debug;
		};
		6E4642961AD95552005BDBA7 /* Release */ = {
			isa = XCBuildConfiguration;
			buildSettings = {
				ALWAYS_SEARCH_USER_PATHS = NO;
				CLANG_CXX_LANGUAGE_STANDARD = "gnu++0x";
				CLANG_CXX_LIBRARY = "libc++";
				CLANG_ENABLE_MODULES = YES;
				CLANG_ENABLE_OBJC_ARC = YES;
				CLANG_WARN_BOOL_CONVERSION = YES;
				CLANG_WARN_CONSTANT_CONVERSION = YES;
				CLANG_WARN_DIRECT_OBJC_ISA_USAGE = YES_ERROR;
				CLANG_WARN_EMPTY_BODY = YES;
				CLANG_WARN_ENUM_CONVERSION = YES;
				CLANG_WARN_INT_CONVERSION = YES;
				CLANG_WARN_OBJC_ROOT_CLASS = YES_ERROR;
				CLANG_WARN_UNREACHABLE_CODE = YES;
				CLANG_WARN__DUPLICATE_METHOD_MATCH = YES;
				COPY_PHASE_STRIP = NO;
				DEBUG_INFORMATION_FORMAT = "dwarf-with-dsym";
				ENABLE_NS_ASSERTIONS = NO;
				ENABLE_STRICT_OBJC_MSGSEND = YES;
				GCC_C_LANGUAGE_STANDARD = gnu99;
				GCC_NO_COMMON_BLOCKS = YES;
				GCC_WARN_64_TO_32_BIT_CONVERSION = YES;
				GCC_WARN_ABOUT_RETURN_TYPE = YES_ERROR;
				GCC_WARN_UNDECLARED_SELECTOR = YES;
				GCC_WARN_UNINITIALIZED_AUTOS = YES_AGGRESSIVE;
				GCC_WARN_UNUSED_FUNCTION = YES;
				GCC_WARN_UNUSED_VARIABLE = YES;
				MACOSX_DEPLOYMENT_TARGET = 10.10;
				MTL_ENABLE_DEBUG_INFO = NO;
				SDKROOT = macosx;
			};
			name = Release;
		};
		6E4642981AD95552005BDBA7 /* Debug */ = {
			isa = XCBuildConfiguration;
			buildSettings = {
				FRAMEWORK_SEARCH_PATHS = "$(inherited)";
				LD_RUNPATH_SEARCH_PATHS = "$(inherited) @executable_path/../Frameworks @executable_path/$(PRODUCT_NAME).bundle/Contents/Frameworks";
				PRODUCT_NAME = "$(TARGET_NAME)";
			};
			name = Debug;
		};
		6E4642991AD95552005BDBA7 /* Release */ = {
			isa = XCBuildConfiguration;
			buildSettings = {
				FRAMEWORK_SEARCH_PATHS = "$(inherited)";
				LD_RUNPATH_SEARCH_PATHS = "$(inherited) @executable_path/../Frameworks";
				PRODUCT_NAME = "$(TARGET_NAME)";
			};
			name = Release;
		};
		6E4642DC1AD96422005BDBA7 /* Debug */ = {
			isa = XCBuildConfiguration;
			buildSettings = {
				COMBINE_HIDPI_IMAGES = YES;
				EMBEDDED_CONTENT_CONTAINS_SWIFT = YES;
				FRAMEWORK_SEARCH_PATHS = "$(inherited)";
				GCC_PREPROCESSOR_DEFINITIONS = (
					"DEBUG=1",
					"$(inherited)",
				);
				INFOPLIST_FILE = CerraduraServerDaemonBundle/Info.plist;
				INSTALL_PATH = "$(LOCAL_LIBRARY_DIR)/Bundles";
				LD_RUNPATH_SEARCH_PATHS = "$(inherited)";
				PRODUCT_NAME = CerraduraServerDaemon;
				SKIP_INSTALL = YES;
				WRAPPER_EXTENSION = bundle;
			};
			name = Debug;
		};
		6E4642DD1AD96422005BDBA7 /* Release */ = {
			isa = XCBuildConfiguration;
			buildSettings = {
				COMBINE_HIDPI_IMAGES = YES;
				EMBEDDED_CONTENT_CONTAINS_SWIFT = YES;
				FRAMEWORK_SEARCH_PATHS = "$(inherited)";
				INFOPLIST_FILE = CerraduraServerDaemonBundle/Info.plist;
				INSTALL_PATH = "$(LOCAL_LIBRARY_DIR)/Bundles";
				LD_RUNPATH_SEARCH_PATHS = "$(inherited)";
				PRODUCT_NAME = CerraduraServerDaemon;
				SKIP_INSTALL = YES;
				WRAPPER_EXTENSION = bundle;
			};
			name = Release;
		};
/* End XCBuildConfiguration section */

/* Begin XCConfigurationList section */
		6E46428B1AD95552005BDBA7 /* Build configuration list for PBXProject "CerraduraServerDaemon" */ = {
			isa = XCConfigurationList;
			buildConfigurations = (
				6E4642951AD95552005BDBA7 /* Debug */,
				6E4642961AD95552005BDBA7 /* Release */,
			);
			defaultConfigurationIsVisible = 0;
			defaultConfigurationName = Release;
		};
		6E4642971AD95552005BDBA7 /* Build configuration list for PBXNativeTarget "CerraduraServerDaemon" */ = {
			isa = XCConfigurationList;
			buildConfigurations = (
				6E4642981AD95552005BDBA7 /* Debug */,
				6E4642991AD95552005BDBA7 /* Release */,
			);
			defaultConfigurationIsVisible = 0;
			defaultConfigurationName = Release;
		};
		6E4642DB1AD96422005BDBA7 /* Build configuration list for PBXNativeTarget "CerraduraServerDaemonBundle" */ = {
			isa = XCConfigurationList;
			buildConfigurations = (
				6E4642DC1AD96422005BDBA7 /* Debug */,
				6E4642DD1AD96422005BDBA7 /* Release */,
			);
			defaultConfigurationIsVisible = 0;
			defaultConfigurationName = Release;
		};
/* End XCConfigurationList section */
	};
	rootObject = 6E4642881AD95552005BDBA7 /* Project object */;
}
